{
  "nodes": {
    "nix-dokploy": {
      "locked": {
        "lastModified": 1770770902,
        "narHash": "sha256-HXPeeqJ9z4cO5+a11enrV2n58FQhilS5Y3gfNk6g6ZY=",
        "owner": "el-kurto",
        "repo": "nix-dokploy",
        "rev": "f7dc6caed441b88731866e43c404d98ee956ee05",
        "type": "github"
      },
      "original": {
        "owner": "el-kurto",
        "repo": "nix-dokploy",
        "type": "github"
      }
    },
    "nixpkgs": {
      "locked": {
        "lastModified": 1771008912,
        "narHash": "sha256-gf2AmWVTs8lEq7z/3ZAsgnZDhWIckkb+ZnAo5RzSxJg=",
        "owner": "nixos",
        "repo": "nixpkgs",
        "rev": "a82ccc39b39b621151d6732718e3e250109076fa",
        "type": "github"
      },
      "original": {
        "owner": "nixos",
        "ref": "nixos-unstable",
        "repo": "nixpkgs",
        "type": "github"
      }
    },
    "root": {
      "inputs": {
        "nix-dokploy": "nix-dokploy",
        "nixpkgs": "nixpkgs"
      }
    }
  },
  "root": "root",
  "version": 7
}
