{
  "nodes": {
    "nix-dokploy": {
      "locked": {
        "lastModified": 1765029288,
        "narHash": "sha256-782lgPQTsjYLgDv6oSUYDpDO79Aeftz0adIbsFcy0ZE=",
        "owner": "el-kurto",
        "repo": "nix-dokploy",
        "rev": "03b9c031a1a2806c2b2bf70ae7bd9275ddef2c03",
        "type": "github"
      },
      "original": {
        "owner": "el-kurto",
        "repo": "nix-dokploy",
        "type": "github"
      }
    },
    "nixpkgs": {
      "locked": {
        "lastModified": 1770197578,
        "narHash": "sha256-AYqlWrX09+HvGs8zM6ebZ1pwUqjkfpnv8mewYwAo+iM=",
        "owner": "nixos",
        "repo": "nixpkgs",
        "rev": "00c21e4c93d963c50d4c0c89bfa84ed6e0694df2",
        "type": "github"
      },
      "original": {
        "owner": "nixos",
        "ref": "nixos-unstable",
        "repo": "nixpkgs",
        "type": "github"
      }
    },
    "root": {
      "inputs": {
        "nix-dokploy": "nix-dokploy",
        "nixpkgs": "nixpkgs"
      }
    }
  },
  "root": "root",
  "version": 7
}
