{
  "nodes": {
    "nix-dokploy": {
      "locked": {
        "lastModified": 1765029288,
        "narHash": "sha256-782lgPQTsjYLgDv6oSUYDpDO79Aeftz0adIbsFcy0ZE=",
        "owner": "el-kurto",
        "repo": "nix-dokploy",
        "rev": "03b9c031a1a2806c2b2bf70ae7bd9275ddef2c03",
        "type": "github"
      },
      "original": {
        "owner": "el-kurto",
        "repo": "nix-dokploy",
        "type": "github"
      }
    },
    "nixpkgs": {
      "locked": {
        "lastModified": 1769170682,
        "narHash": "sha256-oMmN1lVQU0F0W2k6OI3bgdzp2YOHWYUAw79qzDSjenU=",
        "owner": "nixos",
        "repo": "nixpkgs",
        "rev": "c5296fdd05cfa2c187990dd909864da9658df755",
        "type": "github"
      },
      "original": {
        "owner": "nixos",
        "ref": "nixos-unstable",
        "repo": "nixpkgs",
        "type": "github"
      }
    },
    "root": {
      "inputs": {
        "nix-dokploy": "nix-dokploy",
        "nixpkgs": "nixpkgs"
      }
    }
  },
  "root": "root",
  "version": 7
}
